<Solution>
  <Folder Name="/src/">
    <Project Path="src/TaskManager.API/TaskManager.API.csproj" />
    <Project Path="src/TaskManager.Application/TaskManager.Application.csproj" />
    <Project Path="src/TaskManager.Domain/TaskManager.Domain.csproj" />
    <Project Path="src/TaskManager.Infrastructure/TaskManager.Infrastructure.csproj" />
  </Folder>
  <Folder Name="/tests/">
    <Project Path="tests/TaskManager.UnitTests/TaskManager.UnitTests.csproj" />
  </Folder>
</Solution>
